// !$*UTF8*$!
{
	archiveVersion = 1;
	classes = {
	};
	objectVersion = 55;
	objects = {

/* Begin PBXBuildFile section */
		3E498D252C63EF8E00A4E1CA /* daydriftApp.swift in Sources */ = {isa = PBXBuildFile; fileRef = 3E498D242C63EF8E00A4E1CA /* daydriftApp.swift */; };
		3E498D272C63EF8E00A4E1CA /* ContentView.swift in Sources */ = {isa = PBXBuildFile; fileRef = 3E498D262C63EF8E00A4E1CA /* ContentView.swift */; };
		3E498D292C63EF9300A4E1CA /* Assets.xcassets in Resources */ = {isa = PBXBuildFile; fileRef = 3E498D282C63EF9300A4E1CA /* Assets.xcassets */; };
		3E498D2C2C63EF9300A4E1CA /* Preview Assets.xcassets in Resources */ = {isa = PBXBuildFile; fileRef = 3E498D2B2C63EF9300A4E1CA /* Preview Assets.xcassets */; };
		3E498D2E2C63EF9300A4E1CA /* Persistence.swift in Sources */ = {isa = PBXBuildFile; fileRef = 3E498D2D2C63EF9300A4E1CA /* Persistence.swift */; };
		3E498D312C63EF9300A4E1CA /* daydrift.xcdatamodeld in Sources */ = {isa = PBXBuildFile; fileRef = 3E498D2F2C63EF9300A4E1CA /* daydrift.xcdatamodeld */; };
		3E498D3B2C63EF9400A4E1CA /* daydriftTests.swift in Sources */ = {isa = PBXBuildFile; fileRef = 3E498D3A2C63EF9400A4E1CA /* daydriftTests.swift */; };
		3E498D452C63EF9400A4E1CA /* daydriftUITests.swift in Sources */ = {isa = PBXBuildFile; fileRef = 3E498D442C63EF9400A4E1CA /* daydriftUITests.swift */; };
		3E498D472C63EF9400A4E1CA /* daydriftUITestsLaunchTests.swift in Sources */ = {isa = PBXBuildFile; fileRef = 3E498D462C63EF9400A4E1CA /* daydriftUITestsLaunchTests.swift */; };
/* End PBXBuildFile section */

/* Begin PBXContainerItemProxy section */
		3E498D372C63EF9400A4E1CA /* PBXContainerItemProxy */ = {
			isa = PBXContainerItemProxy;
			containerPortal = 3E498D192C63EF8E00A4E1CA /* Project object */;
			proxyType = 1;
			remoteGlobalIDString = 3E498D202C63EF8E00A4E1CA;
			remoteInfo = daydrift;
		};
		3E498D412C63EF9400A4E1CA /* PBXContainerItemProxy */ = {
			isa = PBXContainerItemProxy;
			containerPortal = 3E498D192C63EF8E00A4E1CA /* Project object */;
			proxyType = 1;
			remoteGlobalIDString = 3E498D202C63EF8E00A4E1CA;
			remoteInfo = daydrift;
		};
/* End PBXContainerItemProxy section */

/* Begin PBXFileReference section */
		3E498D212C63EF8E00A4E1CA /* daydrift.app */ = {isa = PBXFileReference; explicitFileType = wrapper.application; includeInIndex = 0; path = daydrift.app; sourceTree = BUILT_PRODUCTS_DIR; };
		3E498D242C63EF8E00A4E1CA /* daydriftApp.swift */ = {isa = PBXFileReference; lastKnownFileType = sourcecode.swift; path = daydriftApp.swift; sourceTree = "<group>"; };
		3E498D262C63EF8E00A4E1CA /* ContentView.swift */ = {isa = PBXFileReference; lastKnownFileType = sourcecode.swift; path = ContentView.swift; sourceTree = "<group>"; };
		3E498D282C63EF9300A4E1CA /* Assets.xcassets */ = {isa = PBXFileReference; lastKnownFileType = folder.assetcatalog; path = Assets.xcassets; sourceTree = "<group>"; };
		3E498D2B2C63EF9300A4E1CA /* Preview Assets.xcassets */ = {isa = PBXFileReference; lastKnownFileType = folder.assetcatalog; path = "Preview Assets.xcassets"; sourceTree = "<group>"; };
		3E498D2D2C63EF9300A4E1CA /* Persistence.swift */ = {isa = PBXFileReference; lastKnownFileType = sourcecode.swift; path = Persistence.swift; sourceTree = "<group>"; };
		3E498D302C63EF9300A4E1CA /* daydrift.xcdatamodel */ = {isa = PBXFileReference; lastKnownFileType = wrapper.xcdatamodel; path = daydrift.xcdatamodel; sourceTree = "<group>"; };
		3E498D362C63EF9400A4E1CA /* daydriftTests.xctest */ = {isa = PBXFileReference; explicitFileType = wrapper.cfbundle; includeInIndex = 0; path = daydriftTests.xctest; sourceTree = BUILT_PRODUCTS_DIR; };
		3E498D3A2C63EF9400A4E1CA /* daydriftTests.swift */ = {isa = PBXFileReference; lastKnownFileType = sourcecode.swift; path = daydriftTests.swift; sourceTree = "<group>"; };
		3E498D402C63EF9400A4E1CA /* daydriftUITests.xctest */ = {isa = PBXFileReference; explicitFileType = wrapper.cfbundle; includeInIndex = 0; path = daydriftUITests.xctest; sourceTree = BUILT_PRODUCTS_DIR; };
		3E498D442C63EF9400A4E1CA /* daydriftUITests.swift */ = {isa = PBXFileReference; lastKnownFileType = sourcecode.swift; path = daydriftUITests.swift; sourceTree = "<group>"; };
		3E498D462C63EF9400A4E1CA /* daydriftUITestsLaunchTests.swift */ = {isa = PBXFileReference; lastKnownFileType = sourcecode.swift; path = daydriftUITestsLaunchTests.swift; sourceTree = "<group>"; };
/* End PBXFileReference section */

/* Begin PBXFrameworksBuildPhase section */
		3E498D1E2C63EF8E00A4E1CA /* Frameworks */ = {
			isa = PBXFrameworksBuildPhase;
			buildActionMask = 2147483647;
			files = (
			);
			runOnlyForDeploymentPostprocessing = 0;
		};
		3E498D332C63EF9400A4E1CA /* Frameworks */ = {
			isa = PBXFrameworksBuildPhase;
			buildActionMask = 2147483647;
			files = (
			);
			runOnlyForDeploymentPostprocessing = 0;
		};
		3E498D3D2C63EF9400A4E1CA /* Frameworks */ = {
			isa = PBXFrameworksBuildPhase;
			buildActionMask = 2147483647;
			files = (
			);
			runOnlyForDeploymentPostprocessing = 0;
		};
/* End PBXFrameworksBuildPhase section */

/* Begin PBXGroup section */
		3E498D182C63EF8E00A4E1CA = {
			isa = PBXGroup;
			children = (
				3E498D232C63EF8E00A4E1CA /* daydrift */,
				3E498D392C63EF9400A4E1CA /* daydriftTests */,
				3E498D432C63EF9400A4E1CA /* daydriftUITests */,
				3E498D222C63EF8E00A4E1CA /* Products */,
			);
			sourceTree = "<group>";
		};
		3E498D222C63EF8E00A4E1CA /* Products */ = {
			isa = PBXGroup;
			children = (
				3E498D212C63EF8E00A4E1CA /* daydrift.app */,
				3E498D362C63EF9400A4E1CA /* daydriftTests.xctest */,
				3E498D402C63EF9400A4E1CA /* daydriftUITests.xctest */,
			);
			name = Products;
			sourceTree = "<group>";
		};
		3E498D232C63EF8E00A4E1CA /* daydrift */ = {
			isa = PBXGroup;
			children = (
				3E498D242C63EF8E00A4E1CA /* daydriftApp.swift */,
				3E498D262C63EF8E00A4E1CA /* ContentView.swift */,
				3E498D282C63EF9300A4E1CA /* Assets.xcassets */,
				3E498D2D2C63EF9300A4E1CA /* Persistence.swift */,
				3E498D2F2C63EF9300A4E1CA /* daydrift.xcdatamodeld */,
				3E498D2A2C63EF9300A4E1CA /* Preview Content */,
			);
			path = daydrift;
			sourceTree = "<group>";
		};
		3E498D2A2C63EF9300A4E1CA /* Preview Content */ = {
			isa = PBXGroup;
			children = (
				3E498D2B2C63EF9300A4E1CA /* Preview Assets.xcassets */,
			);
			path = "Preview Content";
			sourceTree = "<group>";
		};
		3E498D392C63EF9400A4E1CA /* daydriftTests */ = {
			isa = PBXGroup;
			children = (
				3E498D3A2C63EF9400A4E1CA /* daydriftTests.swift */,
			);
			path = daydriftTests;
			sourceTree = "<group>";
		};
		3E498D432C63EF9400A4E1CA /* daydriftUITests */ = {
			isa = PBXGroup;
			children = (
				3E498D442C63EF9400A4E1CA /* daydriftUITests.swift */,
				3E498D462C63EF9400A4E1CA /* daydriftUITestsLaunchTests.swift */,
			);
			path = daydriftUITests;
			sourceTree = "<group>";
		};
/* End PBXGroup section */

/* Begin PBXNativeTarget section */
		3E498D202C63EF8E00A4E1CA /* daydrift */ = {
			isa = PBXNativeTarget;
			buildConfigurationList = 3E498D4A2C63EF9400A4E1CA /* Build configuration list for PBXNativeTarget "daydrift" */;
			buildPhases = (
				3E498D1D2C63EF8E00A4E1CA /* Sources */,
				3E498D1E2C63EF8E00A4E1CA /* Frameworks */,
				3E498D1F2C63EF8E00A4E1CA /* Resources */,
			);
			buildRules = (
			);
			dependencies = (
			);
			name = daydrift;
			productName = daydrift;
			productReference = 3E498D212C63EF8E00A4E1CA /* daydrift.app */;
			productType = "com.apple.product-type.application";
		};
		3E498D352C63EF9400A4E1CA /* daydriftTests */ = {
			isa = PBXNativeTarget;
			buildConfigurationList = 3E498D4D2C63EF9400A4E1CA /* Build configuration list for PBXNativeTarget "daydriftTests" */;
			buildPhases = (
				3E498D322C63EF9400A4E1CA /* Sources */,
				3E498D332C63EF9400A4E1CA /* Frameworks */,
				3E498D342C63EF9400A4E1CA /* Resources */,
			);
			buildRules = (
			);
			dependencies = (
				3E498D382C63EF9400A4E1CA /* PBXTargetDependency */,
			);
			name = daydriftTests;
			productName = daydriftTests;
			productReference = 3E498D362C63EF9400A4E1CA /* daydriftTests.xctest */;
			productType = "com.apple.product-type.bundle.unit-test";
		};
		3E498D3F2C63EF9400A4E1CA /* daydriftUITests */ = {
			isa = PBXNativeTarget;
			buildConfigurationList = 3E498D502C63EF9400A4E1CA /* Build configuration list for PBXNativeTarget "daydriftUITests" */;
			buildPhases = (
				3E498D3C2C63EF9400A4E1CA /* Sources */,
				3E498D3D2C63EF9400A4E1CA /* Frameworks */,
				3E498D3E2C63EF9400A4E1CA /* Resources */,
			);
			buildRules = (
			);
			dependencies = (
				3E498D422C63EF9400A4E1CA /* PBXTargetDependency */,
			);
			name = daydriftUITests;
			productName = daydriftUITests;
			productReference = 3E498D402C63EF9400A4E1CA /* daydriftUITests.xctest */;
			productType = "com.apple.product-type.bundle.ui-testing";
		};
/* End PBXNativeTarget section */

/* Begin PBXProject section */
		3E498D192C63EF8E00A4E1CA /* Project object */ = {
			isa = PBXProject;
			attributes = {
				BuildIndependentTargetsInParallel = 1;
				LastSwiftUpdateCheck = 1340;
				LastUpgradeCheck = 1340;
				TargetAttributes = {
					3E498D202C63EF8E00A4E1CA = {
						CreatedOnToolsVersion = 13.4.1;
					};
					3E498D352C63EF9400A4E1CA = {
						CreatedOnToolsVersion = 13.4.1;
						TestTargetID = 3E498D202C63EF8E00A4E1CA;
					};
					3E498D3F2C63EF9400A4E1CA = {
						CreatedOnToolsVersion = 13.4.1;
						TestTargetID = 3E498D202C63EF8E00A4E1CA;
					};
				};
			};
			buildConfigurationList = 3E498D1C2C63EF8E00A4E1CA /* Build configuration list for PBXProject "daydrift" */;
			compatibilityVersion = "Xcode 13.0";
			developmentRegion = en;
			hasScannedForEncodings = 0;
			knownRegions = (
				en,
				Base,
			);
			mainGroup = 3E498D182C63EF8E00A4E1CA;
			productRefGroup = 3E498D222C63EF8E00A4E1CA /* Products */;
			projectDirPath = "";
			projectRoot = "";
			targets = (
				3E498D202C63EF8E00A4E1CA /* daydrift */,
				3E498D352C63EF9400A4E1CA /* daydriftTests */,
				3E498D3F2C63EF9400A4E1CA /* daydriftUITests */,
			);
		};
/* End PBXProject section */

/* Begin PBXResourcesBuildPhase section */
		3E498D1F2C63EF8E00A4E1CA /* Resources */ = {
			isa = PBXResourcesBuildPhase;
			buildActionMask = 2147483647;
			files = (
				3E498D2C2C63EF9300A4E1CA /* Preview Assets.xcassets in Resources */,
				3E498D292C63EF9300A4E1CA /* Assets.xcassets in Resources */,
			);
			runOnlyForDeploymentPostprocessing = 0;
		};
		3E498D342C63EF9400A4E1CA /* Resources */ = {
			isa = PBXResourcesBuildPhase;
			buildActionMask = 2147483647;
			files = (
			);
			runOnlyForDeploymentPostprocessing = 0;
		};
		3E498D3E2C63EF9400A4E1CA /* Resources */ = {
			isa = PBXResourcesBuildPhase;
			buildActionMask = 2147483647;
			files = (
			);
			runOnlyForDeploymentPostprocessing = 0;
		};
/* End PBXResourcesBuildPhase section */

/* Begin PBXSourcesBuildPhase section */
		3E498D1D2C63EF8E00A4E1CA /* Sources */ = {
			isa = PBXSourcesBuildPhase;
			buildActionMask = 2147483647;
			files = (
				3E498D312C63EF9300A4E1CA /* daydrift.xcdatamodeld in Sources */,
				3E498D2E2C63EF9300A4E1CA /* Persistence.swift in Sources */,
				3E498D272C63EF8E00A4E1CA /* ContentView.swift in Sources */,
				3E498D252C63EF8E00A4E1CA /* daydriftApp.swift in Sources */,
			);
			runOnlyForDeploymentPostprocessing = 0;
		};
		3E498D322C63EF9400A4E1CA /* Sources */ = {
			isa = PBXSourcesBuildPhase;
			buildActionMask = 2147483647;
			files = (
				3E498D3B2C63EF9400A4E1CA /* daydriftTests.swift in Sources */,
			);
			runOnlyForDeploymentPostprocessing = 0;
		};
		3E498D3C2C63EF9400A4E1CA /* Sources */ = {
			isa = PBXSourcesBuildPhase;
			buildActionMask = 2147483647;
			files = (
				3E498D472C63EF9400A4E1CA /* daydriftUITestsLaunchTests.swift in Sources */,
				3E498D452C63EF9400A4E1CA /* daydriftUITests.swift in Sources */,
			);
			runOnlyForDeploymentPostprocessing = 0;
		};
/* End PBXSourcesBuildPhase section */

/* Begin PBXTargetDependency section */
		3E498D382C63EF9400A4E1CA /* PBXTargetDependency */ = {
			isa = PBXTargetDependency;
			target = 3E498D202C63EF8E00A4E1CA /* daydrift */;
			targetProxy = 3E498D372C63EF9400A4E1CA /* PBXContainerItemProxy */;
		};
		3E498D422C63EF9400A4E1CA /* PBXTargetDependency */ = {
			isa = PBXTargetDependency;
			target = 3E498D202C63EF8E00A4E1CA /* daydrift */;
			targetProxy = 3E498D412C63EF9400A4E1CA /* PBXContainerItemProxy */;
		};
/* End PBXTargetDependency section */

/* Begin XCBuildConfiguration section */
		3E498D482C63EF9400A4E1CA /* Debug */ = {
			isa = XCBuildConfiguration;
			buildSettings = {
				ALWAYS_SEARCH_USER_PATHS = NO;
				CLANG_ANALYZER_NONNULL = YES;
				CLANG_ANALYZER_NUMBER_OBJECT_CONVERSION = YES_AGGRESSIVE;
				CLANG_CXX_LANGUAGE_STANDARD = "gnu++17";
				CLANG_ENABLE_MODULES = YES;
				CLANG_ENABLE_OBJC_ARC = YES;
				CLANG_ENABLE_OBJC_WEAK = YES;
				CLANG_WARN_BLOCK_CAPTURE_AUTORELEASING = YES;
				CLANG_WARN_BOOL_CONVERSION = YES;
				CLANG_WARN_COMMA = YES;
				CLANG_WARN_CONSTANT_CONVERSION = YES;
				CLANG_WARN_DEPRECATED_OBJC_IMPLEMENTATIONS = YES;
				CLANG_WARN_DIRECT_OBJC_ISA_USAGE = YES_ERROR;
				CLANG_WARN_DOCUMENTATION_COMMENTS = YES;
				CLANG_WARN_EMPTY_BODY = YES;
				CLANG_WARN_ENUM_CONVERSION = YES;
				CLANG_WARN_INFINITE_RECURSION = YES;
				CLANG_WARN_INT_CONVERSION = YES;
				CLANG_WARN_NON_LITERAL_NULL_CONVERSION = YES;
				CLANG_WARN_OBJC_IMPLICIT_RETAIN_SELF = YES;
				CLANG_WARN_OBJC_LITERAL_CONVERSION = YES;
				CLANG_WARN_OBJC_ROOT_CLASS = YES_ERROR;
				CLANG_WARN_QUOTED_INCLUDE_IN_FRAMEWORK_HEADER = YES;
				CLANG_WARN_RANGE_LOOP_ANALYSIS = YES;
				CLANG_WARN_STRICT_PROTOTYPES = YES;
				CLANG_WARN_SUSPICIOUS_MOVE = YES;
				CLANG_WARN_UNGUARDED_AVAILABILITY = YES_AGGRESSIVE;
				CLANG_WARN_UNREACHABLE_CODE = YES;
				CLANG_WARN__DUPLICATE_METHOD_MATCH = YES;
				COPY_PHASE_STRIP = NO;
				DEBUG_INFORMATION_FORMAT = dwarf;
				ENABLE_STRICT_OBJC_MSGSEND = YES;
				ENABLE_TESTABILITY = YES;
				GCC_C_LANGUAGE_STANDARD = gnu11;
				GCC_DYNAMIC_NO_PIC = NO;
				GCC_NO_COMMON_BLOCKS = YES;
				GCC_OPTIMIZATION_LEVEL = 0;
				GCC_PREPROCESSOR_DEFINITIONS = (
					"DEBUG=1",
					"$(inherited)",
				);
				GCC_WARN_64_TO_32_BIT_CONVERSION = YES;
				GCC_WARN_ABOUT_RETURN_TYPE = YES_ERROR;
				GCC_WARN_UNDECLARED_SELECTOR = YES;
				GCC_WARN_UNINITIALIZED_AUTOS = YES_AGGRESSIVE;
				GCC_WARN_UNUSED_FUNCTION = YES;
				GCC_WARN_UNUSED_VARIABLE = YES;
				IPHONEOS_DEPLOYMENT_TARGET = 15.5;
				MTL_ENABLE_DEBUG_INFO = INCLUDE_SOURCE;
				MTL_FAST_MATH = YES;
				ONLY_ACTIVE_ARCH = YES;
				SDKROOT = iphoneos;
				SWIFT_ACTIVE_COMPILATION_CONDITIONS = DEBUG;
				SWIFT_OPTIMIZATION_LEVEL = "-Onone";
			};
			name = Debug;
		};
		3E498D492C63EF9400A4E1CA /* Release */ = {
			isa = XCBuildConfiguration;
			buildSettings = {
				ALWAYS_SEARCH_USER_PATHS = NO;
				CLANG_ANALYZER_NONNULL = YES;
				CLANG_ANALYZER_NUMBER_OBJECT_CONVERSION = YES_AGGRESSIVE;
				CLANG_CXX_LANGUAGE_STANDARD = "gnu++17";
				CLANG_ENABLE_MODULES = YES;
				CLANG_ENABLE_OBJC_ARC = YES;
				CLANG_ENABLE_OBJC_WEAK = YES;
				CLANG_WARN_BLOCK_CAPTURE_AUTORELEASING = YES;
				CLANG_WARN_BOOL_CONVERSION = YES;
				CLANG_WARN_COMMA = YES;
				CLANG_WARN_CONSTANT_CONVERSION = YES;
				CLANG_WARN_DEPRECATED_OBJC_IMPLEMENTATIONS = YES;
				CLANG_WARN_DIRECT_OBJC_ISA_USAGE = YES_ERROR;
				CLANG_WARN_DOCUMENTATION_COMMENTS = YES;
				CLANG_WARN_EMPTY_BODY = YES;
				CLANG_WARN_ENUM_CONVERSION = YES;
				CLANG_WARN_INFINITE_RECURSION = YES;
				CLANG_WARN_INT_CONVERSION = YES;
				CLANG_WARN_NON_LITERAL_NULL_CONVERSION = YES;
				CLANG_WARN_OBJC_IMPLICIT_RETAIN_SELF = YES;
				CLANG_WARN_OBJC_LITERAL_CONVERSION = YES;
				CLANG_WARN_OBJC_ROOT_CLASS = YES_ERROR;
				CLANG_WARN_QUOTED_INCLUDE_IN_FRAMEWORK_HEADER = YES;
				CLANG_WARN_RANGE_LOOP_ANALYSIS = YES;
				CLANG_WARN_STRICT_PROTOTYPES = YES;
				CLANG_WARN_SUSPICIOUS_MOVE = YES;
				CLANG_WARN_UNGUARDED_AVAILABILITY = YES_AGGRESSIVE;
				CLANG_WARN_UNREACHABLE_CODE = YES;
				CLANG_WARN__DUPLICATE_METHOD_MATCH = YES;
				COPY_PHASE_STRIP = NO;
				DEBUG_INFORMATION_FORMAT = "dwarf-with-dsym";
				ENABLE_NS_ASSERTIONS = NO;
				ENABLE_STRICT_OBJC_MSGSEND = YES;
				GCC_C_LANGUAGE_STANDARD = gnu11;
				GCC_NO_COMMON_BLOCKS = YES;
				GCC_WARN_64_TO_32_BIT_CONVERSION = YES;
				GCC_WARN_ABOUT_RETURN_TYPE = YES_ERROR;
				GCC_WARN_UNDECLARED_SELECTOR = YES;
				GCC_WARN_UNINITIALIZED_AUTOS = YES_AGGRESSIVE;
				GCC_WARN_UNUSED_FUNCTION = YES;
				GCC_WARN_UNUSED_VARIABLE = YES;
				IPHONEOS_DEPLOYMENT_TARGET = 15.5;
				MTL_ENABLE_DEBUG_INFO = NO;
				MTL_FAST_MATH = YES;
				SDKROOT = iphoneos;
				SWIFT_COMPILATION_MODE = wholemodule;
				SWIFT_OPTIMIZATION_LEVEL = "-O";
				VALIDATE_PRODUCT = YES;
			};
			name = Release;
		};
		3E498D4B2C63EF9400A4E1CA /* Debug */ = {
			isa = XCBuildConfiguration;
			buildSettings = {
				ASSETCATALOG_COMPILER_APPICON_NAME = AppIcon;
				ASSETCATALOG_COMPILER_GLOBAL_ACCENT_COLOR_NAME = AccentColor;
				CODE_SIGN_STYLE = Automatic;
				CURRENT_PROJECT_VERSION = 1;
				DEVELOPMENT_ASSET_PATHS = "\"daydrift/Preview Content\"";
				DEVELOPMENT_TEAM = HU84W47Y8F;
				ENABLE_PREVIEWS = YES;
				GENERATE_INFOPLIST_FILE = YES;
				INFOPLIST_KEY_UIApplicationSceneManifest_Generation = YES;
				INFOPLIST_KEY_UIApplicationSupportsIndirectInputEvents = YES;
				INFOPLIST_KEY_UILaunchScreen_Generation = YES;
				INFOPLIST_KEY_UISupportedInterfaceOrientations_iPad = "UIInterfaceOrientationPortrait UIInterfaceOrientationPortraitUpsideDown UIInterfaceOrientationLandscapeLeft UIInterfaceOrientationLandscapeRight";
				INFOPLIST_KEY_UISupportedInterfaceOrientations_iPhone = "UIInterfaceOrientationPortrait UIInterfaceOrientationLandscapeLeft UIInterfaceOrientationLandscapeRight";
				LD_RUNPATH_SEARCH_PATHS = (
					"$(inherited)",
					"@executable_path/Frameworks",
				);
				MARKETING_VERSION = 1.0;
				PRODUCT_BUNDLE_IDENTIFIER = daydrift.app.daydrift;
				PRODUCT_NAME = "$(TARGET_NAME)";
				SWIFT_EMIT_LOC_STRINGS = YES;
				SWIFT_VERSION = 5.0;
				TARGETED_DEVICE_FAMILY = "1,2";
			};
			name = Debug;
		};
		3E498D4C2C63EF9400A4E1CA /* Release */ = {
			isa = XCBuildConfiguration;
			buildSettings = {
				ASSETCATALOG_COMPILER_APPICON_NAME = AppIcon;
				ASSETCATALOG_COMPILER_GLOBAL_ACCENT_COLOR_NAME = AccentColor;
				CODE_SIGN_STYLE = Automatic;
				CURRENT_PROJECT_VERSION = 1;
				DEVELOPMENT_ASSET_PATHS = "\"daydrift/Preview Content\"";
				DEVELOPMENT_TEAM = HU84W47Y8F;
				ENABLE_PREVIEWS = YES;
				GENERATE_INFOPLIST_FILE = YES;
				INFOPLIST_KEY_UIApplicationSceneManifest_Generation = YES;
				INFOPLIST_KEY_UIApplicationSupportsIndirectInputEvents = YES;
				INFOPLIST_KEY_UILaunchScreen_Generation = YES;
				INFOPLIST_KEY_UISupportedInterfaceOrientations_iPad = "UIInterfaceOrientationPortrait UIInterfaceOrientationPortraitUpsideDown UIInterfaceOrientationLandscapeLeft UIInterfaceOrientationLandscapeRight";
				INFOPLIST_KEY_UISupportedInterfaceOrientations_iPhone = "UIInterfaceOrientationPortrait UIInterfaceOrientationLandscapeLeft UIInterfaceOrientationLandscapeRight";
				LD_RUNPATH_SEARCH_PATHS = (
					"$(inherited)",
					"@executable_path/Frameworks",
				);
				MARKETING_VERSION = 1.0;
				PRODUCT_BUNDLE_IDENTIFIER = daydrift.app.daydrift;
				PRODUCT_NAME = "$(TARGET_NAME)";
				SWIFT_EMIT_LOC_STRINGS = YES;
				SWIFT_VERSION = 5.0;
				TARGETED_DEVICE_FAMILY = "1,2";
			};
			name = Release;
		};
		3E498D4E2C63EF9400A4E1CA /* Debug */ = {
			isa = XCBuildConfiguration;
			buildSettings = {
				ALWAYS_EMBED_SWIFT_STANDARD_LIBRARIES = YES;
				BUNDLE_LOADER = "$(TEST_HOST)";
				CODE_SIGN_STYLE = Automatic;
				CURRENT_PROJECT_VERSION = 1;
				DEVELOPMENT_TEAM = HU84W47Y8F;
				GENERATE_INFOPLIST_FILE = YES;
				IPHONEOS_DEPLOYMENT_TARGET = 15.5;
				MARKETING_VERSION = 1.0;
				PRODUCT_BUNDLE_IDENTIFIER = daydrift.app.daydriftTests;
				PRODUCT_NAME = "$(TARGET_NAME)";
				SWIFT_EMIT_LOC_STRINGS = NO;
				SWIFT_VERSION = 5.0;
				TARGETED_DEVICE_FAMILY = "1,2";
				TEST_HOST = "$(BUILT_PRODUCTS_DIR)/daydrift.app/daydrift";
			};
			name = Debug;
		};
		3E498D4F2C63EF9400A4E1CA /* Release */ = {
			isa = XCBuildConfiguration;
			buildSettings = {
				ALWAYS_EMBED_SWIFT_STANDARD_LIBRARIES = YES;
				BUNDLE_LOADER = "$(TEST_HOST)";
				CODE_SIGN_STYLE = Automatic;
				CURRENT_PROJECT_VERSION = 1;
				DEVELOPMENT_TEAM = HU84W47Y8F;
				GENERATE_INFOPLIST_FILE = YES;
				IPHONEOS_DEPLOYMENT_TARGET = 15.5;
				MARKETING_VERSION = 1.0;
				PRODUCT_BUNDLE_IDENTIFIER = daydrift.app.daydriftTests;
				PRODUCT_NAME = "$(TARGET_NAME)";
				SWIFT_EMIT_LOC_STRINGS = NO;
				SWIFT_VERSION = 5.0;
				TARGETED_DEVICE_FAMILY = "1,2";
				TEST_HOST = "$(BUILT_PRODUCTS_DIR)/daydrift.app/daydrift";
			};
			name = Release;
		};
		3E498D512C63EF9400A4E1CA /* Debug */ = {
			isa = XCBuildConfiguration;
			buildSettings = {
				ALWAYS_EMBED_SWIFT_STANDARD_LIBRARIES = YES;
				CODE_SIGN_STYLE = Automatic;
				CURRENT_PROJECT_VERSION = 1;
				DEVELOPMENT_TEAM = HU84W47Y8F;
				GENERATE_INFOPLIST_FILE = YES;
				MARKETING_VERSION = 1.0;
				PRODUCT_BUNDLE_IDENTIFIER = daydrift.app.daydriftUITests;
				PRODUCT_NAME = "$(TARGET_NAME)";
				SWIFT_EMIT_LOC_STRINGS = NO;
				SWIFT_VERSION = 5.0;
				TARGETED_DEVICE_FAMILY = "1,2";
				TEST_TARGET_NAME = daydrift;
			};
			name = Debug;
		};
		3E498D522C63EF9400A4E1CA /* Release */ = {
			isa = XCBuildConfiguration;
			buildSettings = {
				ALWAYS_EMBED_SWIFT_STANDARD_LIBRARIES = YES;
				CODE_SIGN_STYLE = Automatic;
				CURRENT_PROJECT_VERSION = 1;
				DEVELOPMENT_TEAM = HU84W47Y8F;
				GENERATE_INFOPLIST_FILE = YES;
				MARKETING_VERSION = 1.0;
				PRODUCT_BUNDLE_IDENTIFIER = daydrift.app.daydriftUITests;
				PRODUCT_NAME = "$(TARGET_NAME)";
				SWIFT_EMIT_LOC_STRINGS = NO;
				SWIFT_VERSION = 5.0;
				TARGETED_DEVICE_FAMILY = "1,2";
				TEST_TARGET_NAME = daydrift;
			};
			name = Release;
		};
/* End XCBuildConfiguration section */

/* Begin XCConfigurationList section */
		3E498D1C2C63EF8E00A4E1CA /* Build configuration list for PBXProject "daydrift" */ = {
			isa = XCConfigurationList;
			buildConfigurations = (
				3E498D482C63EF9400A4E1CA /* Debug */,
				3E498D492C63EF9400A4E1CA /* Release */,
			);
			defaultConfigurationIsVisible = 0;
			defaultConfigurationName = Release;
		};
		3E498D4A2C63EF9400A4E1CA /* Build configuration list for PBXNativeTarget "daydrift" */ = {
			isa = XCConfigurationList;
			buildConfigurations = (
				3E498D4B2C63EF9400A4E1CA /* Debug */,
				3E498D4C2C63EF9400A4E1CA /* Release */,
			);
			defaultConfigurationIsVisible = 0;
			defaultConfigurationName = Release;
		};
		3E498D4D2C63EF9400A4E1CA /* Build configuration list for PBXNativeTarget "daydriftTests" */ = {
			isa = XCConfigurationList;
			buildConfigurations = (
				3E498D4E2C63EF9400A4E1CA /* Debug */,
				3E498D4F2C63EF9400A4E1CA /* Release */,
			);
			defaultConfigurationIsVisible = 0;
			defaultConfigurationName = Release;
		};
		3E498D502C63EF9400A4E1CA /* Build configuration list for PBXNativeTarget "daydriftUITests" */ = {
			isa = XCConfigurationList;
			buildConfigurations = (
				3E498D512C63EF9400A4E1CA /* Debug */,
				3E498D522C63EF9400A4E1CA /* Release */,
			);
			defaultConfigurationIsVisible = 0;
			defaultConfigurationName = Release;
		};
/* End XCConfigurationList section */

/* Begin XCVersionGroup section */
		3E498D2F2C63EF9300A4E1CA /* daydrift.xcdatamodeld */ = {
			isa = XCVersionGroup;
			children = (
				3E498D302C63EF9300A4E1CA /* daydrift.xcdatamodel */,
			);
			currentVersion = 3E498D302C63EF9300A4E1CA /* daydrift.xcdatamodel */;
			path = daydrift.xcdatamodeld;
			sourceTree = "<group>";
			versionGroupType = wrapper.xcdatamodel;
		};
/* End XCVersionGroup section */
	};
	rootObject = 3E498D192C63EF8E00A4E1CA /* Project object */;
}
